
Microsoft Visual Studio Solution File, Format Version 12.00
# Visual Studio Version 16
VisualStudioVersion = 16.0.30907.101
MinimumVisualStudioVersion = 10.0.40219.1
Project("{FAE04EC0-301F-11D3-BF4B-00C04F79EFBC}") = "ChatBox", "ChatBox.csproj", "{691C6BFA-29BA-4506-8C62-FEAD9E690690}"
EndProject
Global
	GlobalSection(SolutionConfigurationPlatforms) = preSolution
		Debug|Any CPU = Debug|Any CPU
		Release|Any CPU = Release|Any CPU
	EndGlobalSection
	GlobalSection(ProjectConfigurationPlatforms) = postSolution
		{691C6BFA-29BA-4506-8C62-FEAD9E690690}.Debug|Any CPU.ActiveCfg = Debug|Any CPU
		{691C6BFA-29BA-4506-8C62-FEAD9E690690}.Debug|Any CPU.Build.0 = Debug|Any CPU
		{691C6BFA-29BA-4506-8C62-FEAD9E690690}.Release|Any CPU.ActiveCfg = Release|Any CPU
		{691C6BFA-29BA-4506-8C62-FEAD9E690690}.Release|Any CPU.Build.0 = Release|Any CPU
	EndGlobalSection
	GlobalSection(SolutionProperties) = preSolution
		HideSolutionNode = FALSE
	EndGlobalSection
	GlobalSection(ExtensibilityGlobals) = postSolution
		SolutionGuid = {290306ED-0941-4496-8125-307B7AA305A7}
	EndGlobalSection
EndGlobal
